
Microsoft Visual Studio Solution File, Format Version 12.00
# Visual Studio 15
VisualStudioVersion = 15.0.26730.16
MinimumVisualStudioVersion = 10.0.40219.1
Project("{FAE04EC0-301F-11D3-BF4B-00C04F79EFBC}") = "AngularStudentApp", "AngularStudentApp\AngularStudentApp.csproj", "{D6C6F718-B1F1-413B-A7A4-E26CE317CF2B}"
EndProject
Project("{FAE04EC0-301F-11D3-BF4B-00C04F79EFBC}") = "StudentServerApp", "StudentServerApp\StudentServerApp.csproj", "{3FF142A3-6FD0-4684-9E06-E966A1234B6E}"
EndProject
Global
	GlobalSection(SolutionConfigurationPlatforms) = preSolution
		Debug|Any CPU = Debug|Any CPU
		Release|Any CPU = Release|Any CPU
	EndGlobalSection
	GlobalSection(ProjectConfigurationPlatforms) = postSolution
		{D6C6F718-B1F1-413B-A7A4-E26CE317CF2B}.Debug|Any CPU.ActiveCfg = Debug|Any CPU
		{D6C6F718-B1F1-413B-A7A4-E26CE317CF2B}.Debug|Any CPU.Build.0 = Debug|Any CPU
		{D6C6F718-B1F1-413B-A7A4-E26CE317CF2B}.Release|Any CPU.ActiveCfg = Release|Any CPU
		{D6C6F718-B1F1-413B-A7A4-E26CE317CF2B}.Release|Any CPU.Build.0 = Release|Any CPU
		{3FF142A3-6FD0-4684-9E06-E966A1234B6E}.Debug|Any CPU.ActiveCfg = Debug|Any CPU
		{3FF142A3-6FD0-4684-9E06-E966A1234B6E}.Debug|Any CPU.Build.0 = Debug|Any CPU
		{3FF142A3-6FD0-4684-9E06-E966A1234B6E}.Release|Any CPU.ActiveCfg = Release|Any CPU
		{3FF142A3-6FD0-4684-9E06-E966A1234B6E}.Release|Any CPU.Build.0 = Release|Any CPU
	EndGlobalSection
	GlobalSection(SolutionProperties) = preSolution
		HideSolutionNode = FALSE
	EndGlobalSection
	GlobalSection(ExtensibilityGlobals) = postSolution
		SolutionGuid = {E6F39285-D57D-4B6B-A465-B8C2D59E3B8A}
	EndGlobalSection
EndGlobal
